
Microsoft Visual Studio Solution File, Format Version 12.00
# Visual Studio Version 16
VisualStudioVersion = 16.0.29519.87
MinimumVisualStudioVersion = 10.0.40219.1
Project("{FAE04EC0-301F-11D3-BF4B-00C04F79EFBC}") = "QuanLyGaraOto", "QuanLyGaraOto.csproj", "{14998B2E-DC18-44C7-B1A8-44778FAFFF08}"
EndProject
Global
	GlobalSection(SolutionConfigurationPlatforms) = preSolution
		Debug|Any CPU = Debug|Any CPU
		Release|Any CPU = Release|Any CPU
	EndGlobalSection
	GlobalSection(ProjectConfigurationPlatforms) = postSolution
		{14998B2E-DC18-44C7-B1A8-44778FAFFF08}.Debug|Any CPU.ActiveCfg = Debug|Any CPU
		{14998B2E-DC18-44C7-B1A8-44778FAFFF08}.Debug|Any CPU.Build.0 = Debug|Any CPU
		{14998B2E-DC18-44C7-B1A8-44778FAFFF08}.Release|Any CPU.ActiveCfg = Release|Any CPU
		{14998B2E-DC18-44C7-B1A8-44778FAFFF08}.Release|Any CPU.Build.0 = Release|Any CPU
	EndGlobalSection
	GlobalSection(SolutionProperties) = preSolution
		HideSolutionNode = FALSE
	EndGlobalSection
	GlobalSection(ExtensibilityGlobals) = postSolution
		SolutionGuid = {A0011691-46C8-4E32-8984-7FF91C5B626A}
	EndGlobalSection
EndGlobal
